
Microsoft Visual Studio Solution File, Format Version 12.00
# Visual Studio Version 17
VisualStudioVersion = 17.4.33213.308
MinimumVisualStudioVersion = 10.0.40219.1
Project("{FAE04EC0-301F-11D3-BF4B-00C04F79EFBC}") = "tarefa2", "tarefa2.csproj", "{089D03BA-4575-4BBE-86AB-13F40C7054DC}"
EndProject
Global
	GlobalSection(SolutionConfigurationPlatforms) = preSolution
		Debug|Any CPU = Debug|Any CPU
		Release|Any CPU = Release|Any CPU
	EndGlobalSection
	GlobalSection(ProjectConfigurationPlatforms) = postSolution
		{089D03BA-4575-4BBE-86AB-13F40C7054DC}.Debug|Any CPU.ActiveCfg = Debug|Any CPU
		{089D03BA-4575-4BBE-86AB-13F40C7054DC}.Debug|Any CPU.Build.0 = Debug|Any CPU
		{089D03BA-4575-4BBE-86AB-13F40C7054DC}.Release|Any CPU.ActiveCfg = Release|Any CPU
		{089D03BA-4575-4BBE-86AB-13F40C7054DC}.Release|Any CPU.Build.0 = Release|Any CPU
	EndGlobalSection
	GlobalSection(SolutionProperties) = preSolution
		HideSolutionNode = FALSE
	EndGlobalSection
	GlobalSection(ExtensibilityGlobals) = postSolution
		SolutionGuid = {978AAA6E-6123-4762-97BB-82587AF0C812}
	EndGlobalSection
EndGlobal
